
Microsoft Visual Studio Solution File, Format Version 12.00
# Visual Studio Version 16
VisualStudioVersion = 16.0.32901.82
MinimumVisualStudioVersion = 10.0.40219.1
Project("{FAE04EC0-301F-11D3-BF4B-00C04F79EFBC}") = "Snake", "Snake\Snake.csproj", "{82138431-74CF-4EE8-8E9A-12EBA94318FD}"
EndProject
Global
	GlobalSection(SolutionConfigurationPlatforms) = preSolution
		Debug|Any CPU = Debug|Any CPU
		Release|Any CPU = Release|Any CPU
	EndGlobalSection
	GlobalSection(ProjectConfigurationPlatforms) = postSolution
		{82138431-74CF-4EE8-8E9A-12EBA94318FD}.Debug|Any CPU.ActiveCfg = Debug|Any CPU
		{82138431-74CF-4EE8-8E9A-12EBA94318FD}.Debug|Any CPU.Build.0 = Debug|Any CPU
		{82138431-74CF-4EE8-8E9A-12EBA94318FD}.Release|Any CPU.ActiveCfg = Release|Any CPU
		{82138431-74CF-4EE8-8E9A-12EBA94318FD}.Release|Any CPU.Build.0 = Release|Any CPU
	EndGlobalSection
	GlobalSection(SolutionProperties) = preSolution
		HideSolutionNode = FALSE
	EndGlobalSection
	GlobalSection(ExtensibilityGlobals) = postSolution
		SolutionGuid = {D563FBED-6EE5-44FC-B02C-DE15D2832081}
	EndGlobalSection
EndGlobal
